
Microsoft Visual Studio Solution File, Format Version 12.00
# Visual Studio 15
Project("{FAE04EC0-301F-11D3-BF4B-00C04F79EFBC}") = "BirthdayBoyCard", "BirthdayBoyCard.csproj", "{1DA33E25-B3E6-BF87-817F-94B3F14D2AB2}"
EndProject
Project("{FAE04EC0-301F-11D3-BF4B-00C04F79EFBC}") = "BirthdayBoyCard.Editor", "BirthdayBoyCard.Editor.csproj", "{4C703F06-DC18-5584-8193-535A9A825239}"
EndProject
Global
	GlobalSection(SolutionConfigurationPlatforms) = preSolution
		Debug|Any CPU = Debug|Any CPU
		Release|Any CPU = Release|Any CPU
	EndGlobalSection
	GlobalSection(ProjectConfigurationPlatforms) = postSolution
		{1DA33E25-B3E6-BF87-817F-94B3F14D2AB2}.Debug|Any CPU.ActiveCfg = Debug|Any CPU
		{1DA33E25-B3E6-BF87-817F-94B3F14D2AB2}.Debug|Any CPU.Build.0 = Debug|Any CPU
		{1DA33E25-B3E6-BF87-817F-94B3F14D2AB2}.Release|Any CPU.ActiveCfg = Release|Any CPU
		{1DA33E25-B3E6-BF87-817F-94B3F14D2AB2}.Release|Any CPU.Build.0 = Release|Any CPU
		{4C703F06-DC18-5584-8193-535A9A825239}.Debug|Any CPU.ActiveCfg = Debug|Any CPU
		{4C703F06-DC18-5584-8193-535A9A825239}.Debug|Any CPU.Build.0 = Debug|Any CPU
		{4C703F06-DC18-5584-8193-535A9A825239}.Release|Any CPU.ActiveCfg = Release|Any CPU
		{4C703F06-DC18-5584-8193-535A9A825239}.Release|Any CPU.Build.0 = Release|Any CPU
	EndGlobalSection
	GlobalSection(SolutionProperties) = preSolution
		HideSolutionNode = FALSE
	EndGlobalSection
EndGlobal
